
Microsoft Visual Studio Solution File, Format Version 12.00
# Visual Studio Version 16
VisualStudioVersion = 16.0.30611.23
MinimumVisualStudioVersion = 10.0.40219.1
Project("{FAE04EC0-301F-11D3-BF4B-00C04F79EFBC}") = "Server", "Server\Server.csproj", "{4C62E8EB-4A3E-475F-BB91-02D83A398D4B}"
EndProject
Project("{FAE04EC0-301F-11D3-BF4B-00C04F79EFBC}") = "Client", "Client\Client.csproj", "{001296F2-D2B3-4549-A356-3493534EFC0B}"
EndProject
Project("{FAE04EC0-301F-11D3-BF4B-00C04F79EFBC}") = "Domain", "Domain\Domain.csproj", "{2B09E0DD-E753-4203-B7B2-526B3229A90B}"
EndProject
Project("{FAE04EC0-301F-11D3-BF4B-00C04F79EFBC}") = "Transfer", "Transfer\Transfer.csproj", "{E7B14C95-C5E0-4B21-B05A-D2856B33DE9A}"
EndProject
Project("{FAE04EC0-301F-11D3-BF4B-00C04F79EFBC}") = "Controller", "Controller\Controller.csproj", "{456E57D4-6193-42FF-B41D-13B3451626E0}"
EndProject
Project("{FAE04EC0-301F-11D3-BF4B-00C04F79EFBC}") = "DBBroker", "DBBroker\DBBroker.csproj", "{EEA4A8CD-E608-4DEC-A717-04701B08C836}"
EndProject
Project("{FAE04EC0-301F-11D3-BF4B-00C04F79EFBC}") = "Storage", "Storage\Storage.csproj", "{8EA444EE-6B4C-40CD-A2DB-81E46A8678A2}"
EndProject
Project("{FAE04EC0-301F-11D3-BF4B-00C04F79EFBC}") = "SystemOperations", "SystemOperations\SystemOperations.csproj", "{AEEEA85F-8910-4161-8E00-D42F14626511}"
EndProject
Global
	GlobalSection(SolutionConfigurationPlatforms) = preSolution
		Debug|Any CPU = Debug|Any CPU
		Release|Any CPU = Release|Any CPU
	EndGlobalSection
	GlobalSection(ProjectConfigurationPlatforms) = postSolution
		{4C62E8EB-4A3E-475F-BB91-02D83A398D4B}.Debug|Any CPU.ActiveCfg = Debug|Any CPU
		{4C62E8EB-4A3E-475F-BB91-02D83A398D4B}.Debug|Any CPU.Build.0 = Debug|Any CPU
		{4C62E8EB-4A3E-475F-BB91-02D83A398D4B}.Release|Any CPU.ActiveCfg = Release|Any CPU
		{4C62E8EB-4A3E-475F-BB91-02D83A398D4B}.Release|Any CPU.Build.0 = Release|Any CPU
		{001296F2-D2B3-4549-A356-3493534EFC0B}.Debug|Any CPU.ActiveCfg = Debug|Any CPU
		{001296F2-D2B3-4549-A356-3493534EFC0B}.Debug|Any CPU.Build.0 = Debug|Any CPU
		{001296F2-D2B3-4549-A356-3493534EFC0B}.Release|Any CPU.ActiveCfg = Release|Any CPU
		{001296F2-D2B3-4549-A356-3493534EFC0B}.Release|Any CPU.Build.0 = Release|Any CPU
		{2B09E0DD-E753-4203-B7B2-526B3229A90B}.Debug|Any CPU.ActiveCfg = Debug|Any CPU
		{2B09E0DD-E753-4203-B7B2-526B3229A90B}.Debug|Any CPU.Build.0 = Debug|Any CPU
		{2B09E0DD-E753-4203-B7B2-526B3229A90B}.Release|Any CPU.ActiveCfg = Release|Any CPU
		{2B09E0DD-E753-4203-B7B2-526B3229A90B}.Release|Any CPU.Build.0 = Release|Any CPU
		{E7B14C95-C5E0-4B21-B05A-D2856B33DE9A}.Debug|Any CPU.ActiveCfg = Debug|Any CPU
		{E7B14C95-C5E0-4B21-B05A-D2856B33DE9A}.Debug|Any CPU.Build.0 = Debug|Any CPU
		{E7B14C95-C5E0-4B21-B05A-D2856B33DE9A}.Release|Any CPU.ActiveCfg = Release|Any CPU
		{E7B14C95-C5E0-4B21-B05A-D2856B33DE9A}.Release|Any CPU.Build.0 = Release|Any CPU
		{456E57D4-6193-42FF-B41D-13B3451626E0}.Debug|Any CPU.ActiveCfg = Debug|Any CPU
		{456E57D4-6193-42FF-B41D-13B3451626E0}.Debug|Any CPU.Build.0 = Debug|Any CPU
		{456E57D4-6193-42FF-B41D-13B3451626E0}.Release|Any CPU.ActiveCfg = Release|Any CPU
		{456E57D4-6193-42FF-B41D-13B3451626E0}.Release|Any CPU.Build.0 = Release|Any CPU
		{EEA4A8CD-E608-4DEC-A717-04701B08C836}.Debug|Any CPU.ActiveCfg = Debug|Any CPU
		{EEA4A8CD-E608-4DEC-A717-04701B08C836}.Debug|Any CPU.Build.0 = Debug|Any CPU
		{EEA4A8CD-E608-4DEC-A717-04701B08C836}.Release|Any CPU.ActiveCfg = Release|Any CPU
		{EEA4A8CD-E608-4DEC-A717-04701B08C836}.Release|Any CPU.Build.0 = Release|Any CPU
		{8EA444EE-6B4C-40CD-A2DB-81E46A8678A2}.Debug|Any CPU.ActiveCfg = Debug|Any CPU
		{8EA444EE-6B4C-40CD-A2DB-81E46A8678A2}.Debug|Any CPU.Build.0 = Debug|Any CPU
		{8EA444EE-6B4C-40CD-A2DB-81E46A8678A2}.Release|Any CPU.ActiveCfg = Release|Any CPU
		{8EA444EE-6B4C-40CD-A2DB-81E46A8678A2}.Release|Any CPU.Build.0 = Release|Any CPU
		{AEEEA85F-8910-4161-8E00-D42F14626511}.Debug|Any CPU.ActiveCfg = Debug|Any CPU
		{AEEEA85F-8910-4161-8E00-D42F14626511}.Debug|Any CPU.Build.0 = Debug|Any CPU
		{AEEEA85F-8910-4161-8E00-D42F14626511}.Release|Any CPU.ActiveCfg = Release|Any CPU
		{AEEEA85F-8910-4161-8E00-D42F14626511}.Release|Any CPU.Build.0 = Release|Any CPU
	EndGlobalSection
	GlobalSection(SolutionProperties) = preSolution
		HideSolutionNode = FALSE
	EndGlobalSection
	GlobalSection(ExtensibilityGlobals) = postSolution
		SolutionGuid = {135A8D4C-A5F7-4135-9CCC-65D3416D9AA6}
	EndGlobalSection
EndGlobal
